
Microsoft Visual Studio Solution File, Format Version 12.00
# Visual Studio Version 16
VisualStudioVersion = 16.0.31702.278
MinimumVisualStudioVersion = 10.0.40219.1
Project("{FAE04EC0-301F-11D3-BF4B-00C04F79EFBC}") = "exersice4", "exersice4.csproj", "{CF745CBF-8126-4E6B-9BC9-3C6CCC3832C7}"
EndProject
Global
	GlobalSection(SolutionConfigurationPlatforms) = preSolution
		Debug|Any CPU = Debug|Any CPU
		Release|Any CPU = Release|Any CPU
	EndGlobalSection
	GlobalSection(ProjectConfigurationPlatforms) = postSolution
		{CF745CBF-8126-4E6B-9BC9-3C6CCC3832C7}.Debug|Any CPU.ActiveCfg = Debug|Any CPU
		{CF745CBF-8126-4E6B-9BC9-3C6CCC3832C7}.Debug|Any CPU.Build.0 = Debug|Any CPU
		{CF745CBF-8126-4E6B-9BC9-3C6CCC3832C7}.Release|Any CPU.ActiveCfg = Release|Any CPU
		{CF745CBF-8126-4E6B-9BC9-3C6CCC3832C7}.Release|Any CPU.Build.0 = Release|Any CPU
	EndGlobalSection
	GlobalSection(SolutionProperties) = preSolution
		HideSolutionNode = FALSE
	EndGlobalSection
	GlobalSection(ExtensibilityGlobals) = postSolution
		SolutionGuid = {5B1AF672-6848-4B04-8243-13FDB4404D1A}
	EndGlobalSection
EndGlobal
